
Microsoft Visual Studio Solution File, Format Version 12.00
# Visual Studio Version 17
VisualStudioVersion = 17.5.33516.290
MinimumVisualStudioVersion = 10.0.40219.1
Project("{FAE04EC0-301F-11D3-BF4B-00C04F79EFBC}") = "StockTakeManagements", "StockTakeManagements.csproj", "{162CB26E-A021-43F6-ADAD-7293D1C68DC7}"
EndProject
Global
	GlobalSection(SolutionConfigurationPlatforms) = preSolution
		Debug|Any CPU = Debug|Any CPU
		Release|Any CPU = Release|Any CPU
	EndGlobalSection
	GlobalSection(ProjectConfigurationPlatforms) = postSolution
		{162CB26E-A021-43F6-ADAD-7293D1C68DC7}.Debug|Any CPU.ActiveCfg = Debug|Any CPU
		{162CB26E-A021-43F6-ADAD-7293D1C68DC7}.Debug|Any CPU.Build.0 = Debug|Any CPU
		{162CB26E-A021-43F6-ADAD-7293D1C68DC7}.Release|Any CPU.ActiveCfg = Release|Any CPU
		{162CB26E-A021-43F6-ADAD-7293D1C68DC7}.Release|Any CPU.Build.0 = Release|Any CPU
	EndGlobalSection
	GlobalSection(SolutionProperties) = preSolution
		HideSolutionNode = FALSE
	EndGlobalSection
	GlobalSection(ExtensibilityGlobals) = postSolution
		SolutionGuid = {CD8681F8-7D30-44E2-878E-18990716D3DF}
	EndGlobalSection
EndGlobal
